// !$*UTF8*$!
{
	archiveVersion = 1;
	classes = {
	};
	objectVersion = 56;
	objects = {

/* Begin PBXBuildFile section */
		E630248F2BC3470A0016639F /* AppDelegate.swift in Sources */ = {isa = PBXBuildFile; fileRef = E630248E2BC3470A0016639F /* AppDelegate.swift */; };
		E63024912BC3470A0016639F /* SceneDelegate.swift in Sources */ = {isa = PBXBuildFile; fileRef = E63024902BC3470A0016639F /* SceneDelegate.swift */; };
		E63024962BC3470A0016639F /* Base in Resources */ = {isa = PBXBuildFile; fileRef = E63024952BC3470A0016639F /* Base */; };
		E63024982BC3470B0016639F /* Assets.xcassets in Resources */ = {isa = PBXBuildFile; fileRef = E63024972BC3470B0016639F /* Assets.xcassets */; };
		E630249B2BC3470B0016639F /* Base in Resources */ = {isa = PBXBuildFile; fileRef = E630249A2BC3470B0016639F /* Base */; };
		E63024A82BC352640016639F /* City.swift in Sources */ = {isa = PBXBuildFile; fileRef = E63024A72BC352640016639F /* City.swift */; };
		E63024AF2BC3DFD70016639F /* CityCollectionViewController.swift in Sources */ = {isa = PBXBuildFile; fileRef = E63024AE2BC3DFD70016639F /* CityCollectionViewController.swift */; };
		E63024B12BC3E29D0016639F /* Extensions.swift in Sources */ = {isa = PBXBuildFile; fileRef = E63024B02BC3E29D0016639F /* Extensions.swift */; };
		E63024B52BC3EFB70016639F /* CityCell.swift in Sources */ = {isa = PBXBuildFile; fileRef = E63024B42BC3EFB70016639F /* CityCell.swift */; };
		E63024B72BC3F3D30016639F /* NetworkManager.swift in Sources */ = {isa = PBXBuildFile; fileRef = E63024B62BC3F3D30016639F /* NetworkManager.swift */; };
		E63024BA2BC3F4CD0016639F /* Alamofire in Frameworks */ = {isa = PBXBuildFile; productRef = E63024B92BC3F4CD0016639F /* Alamofire */; };
		E63024BC2BC3F4CD0016639F /* AlamofireDynamic in Frameworks */ = {isa = PBXBuildFile; productRef = E63024BB2BC3F4CD0016639F /* AlamofireDynamic */; };
		E63024BE2BC5C8C90016639F /* MoreCityCollectionViewController.swift in Sources */ = {isa = PBXBuildFile; fileRef = E63024BD2BC5C8C90016639F /* MoreCityCollectionViewController.swift */; };
		E63024C02BC5C94E0016639F /* MoreCityCell.swift in Sources */ = {isa = PBXBuildFile; fileRef = E63024BF2BC5C94E0016639F /* MoreCityCell.swift */; };
/* End PBXBuildFile section */

/* Begin PBXFileReference section */
		E630248B2BC3470A0016639F /* MyWeather.app */ = {isa = PBXFileReference; explicitFileType = wrapper.application; includeInIndex = 0; path = MyWeather.app; sourceTree = BUILT_PRODUCTS_DIR; };
		E630248E2BC3470A0016639F /* AppDelegate.swift */ = {isa = PBXFileReference; lastKnownFileType = sourcecode.swift; path = AppDelegate.swift; sourceTree = "<group>"; };
		E63024902BC3470A0016639F /* SceneDelegate.swift */ = {isa = PBXFileReference; lastKnownFileType = sourcecode.swift; path = SceneDelegate.swift; sourceTree = "<group>"; };
		E63024952BC3470A0016639F /* Base */ = {isa = PBXFileReference; lastKnownFileType = file.storyboard; name = Base; path = Base.lproj/Main.storyboard; sourceTree = "<group>"; };
		E63024972BC3470B0016639F /* Assets.xcassets */ = {isa = PBXFileReference; lastKnownFileType = folder.assetcatalog; path = Assets.xcassets; sourceTree = "<group>"; };
		E630249A2BC3470B0016639F /* Base */ = {isa = PBXFileReference; lastKnownFileType = file.storyboard; name = Base; path = Base.lproj/LaunchScreen.storyboard; sourceTree = "<group>"; };
		E630249C2BC3470B0016639F /* Info.plist */ = {isa = PBXFileReference; lastKnownFileType = text.plist.xml; path = Info.plist; sourceTree = "<group>"; };
		E63024A72BC352640016639F /* City.swift */ = {isa = PBXFileReference; lastKnownFileType = sourcecode.swift; path = City.swift; sourceTree = "<group>"; };
		E63024AE2BC3DFD70016639F /* CityCollectionViewController.swift */ = {isa = PBXFileReference; lastKnownFileType = sourcecode.swift; path = CityCollectionViewController.swift; sourceTree = "<group>"; };
		E63024B02BC3E29D0016639F /* Extensions.swift */ = {isa = PBXFileReference; lastKnownFileType = sourcecode.swift; path = Extensions.swift; sourceTree = "<group>"; };
		E63024B42BC3EFB70016639F /* CityCell.swift */ = {isa = PBXFileReference; lastKnownFileType = sourcecode.swift; path = CityCell.swift; sourceTree = "<group>"; };
		E63024B62BC3F3D30016639F /* NetworkManager.swift */ = {isa = PBXFileReference; lastKnownFileType = sourcecode.swift; path = NetworkManager.swift; sourceTree = "<group>"; };
		E63024BD2BC5C8C90016639F /* MoreCityCollectionViewController.swift */ = {isa = PBXFileReference; lastKnownFileType = sourcecode.swift; path = MoreCityCollectionViewController.swift; sourceTree = "<group>"; };
		E63024BF2BC5C94E0016639F /* MoreCityCell.swift */ = {isa = PBXFileReference; lastKnownFileType = sourcecode.swift; path = MoreCityCell.swift; sourceTree = "<group>"; };
/* End PBXFileReference section */

/* Begin PBXFrameworksBuildPhase section */
		E63024882BC3470A0016639F /* Frameworks */ = {
			isa = PBXFrameworksBuildPhase;
			buildActionMask = 2147483647;
			files = (
				E63024BA2BC3F4CD0016639F /* Alamofire in Frameworks */,
				E63024BC2BC3F4CD0016639F /* AlamofireDynamic in Frameworks */,
			);
			runOnlyForDeploymentPostprocessing = 0;
		};
/* End PBXFrameworksBuildPhase section */

/* Begin PBXGroup section */
		E63024822BC3470A0016639F = {
			isa = PBXGroup;
			children = (
				E630248D2BC3470A0016639F /* MyWeather */,
				E630248C2BC3470A0016639F /* Products */,
			);
			sourceTree = "<group>";
		};
		E630248C2BC3470A0016639F /* Products */ = {
			isa = PBXGroup;
			children = (
				E630248B2BC3470A0016639F /* MyWeather.app */,
			);
			name = Products;
			sourceTree = "<group>";
		};
		E630248D2BC3470A0016639F /* MyWeather */ = {
			isa = PBXGroup;
			children = (
				E63024A32BC352160016639F /* ViewControllers */,
				E63024A92BC352690016639F /* Views */,
				E63024A62BC3524B0016639F /* Models */,
				E63024AA2BC352890016639F /* Services */,
				E63024A42BC352230016639F /* Storyboards */,
				E63024A22BC352100016639F /* App */,
				E63024A52BC352340016639F /* Resources */,
				E63024AB2BC3529A0016639F /* Extensions */,
			);
			path = MyWeather;
			sourceTree = "<group>";
		};
		E63024A22BC352100016639F /* App */ = {
			isa = PBXGroup;
			children = (
				E630248E2BC3470A0016639F /* AppDelegate.swift */,
				E63024902BC3470A0016639F /* SceneDelegate.swift */,
				E630249C2BC3470B0016639F /* Info.plist */,
			);
			path = App;
			sourceTree = "<group>";
		};
		E63024A32BC352160016639F /* ViewControllers */ = {
			isa = PBXGroup;
			children = (
				E63024AE2BC3DFD70016639F /* CityCollectionViewController.swift */,
				E63024BD2BC5C8C90016639F /* MoreCityCollectionViewController.swift */,
			);
			path = ViewControllers;
			sourceTree = "<group>";
		};
		E63024A42BC352230016639F /* Storyboards */ = {
			isa = PBXGroup;
			children = (
				E63024942BC3470A0016639F /* Main.storyboard */,
				E63024992BC3470B0016639F /* LaunchScreen.storyboard */,
			);
			path = Storyboards;
			sourceTree = "<group>";
		};
		E63024A52BC352340016639F /* Resources */ = {
			isa = PBXGroup;
			children = (
				E63024972BC3470B0016639F /* Assets.xcassets */,
			);
			path = Resources;
			sourceTree = "<group>";
		};
		E63024A62BC3524B0016639F /* Models */ = {
			isa = PBXGroup;
			children = (
				E63024A72BC352640016639F /* City.swift */,
			);
			path = Models;
			sourceTree = "<group>";
		};
		E63024A92BC352690016639F /* Views */ = {
			isa = PBXGroup;
			children = (
				E63024B42BC3EFB70016639F /* CityCell.swift */,
				E63024BF2BC5C94E0016639F /* MoreCityCell.swift */,
			);
			path = Views;
			sourceTree = "<group>";
		};
		E63024AA2BC352890016639F /* Services */ = {
			isa = PBXGroup;
			children = (
				E63024B62BC3F3D30016639F /* NetworkManager.swift */,
			);
			path = Services;
			sourceTree = "<group>";
		};
		E63024AB2BC3529A0016639F /* Extensions */ = {
			isa = PBXGroup;
			children = (
				E63024B02BC3E29D0016639F /* Extensions.swift */,
			);
			path = Extensions;
			sourceTree = "<group>";
		};
/* End PBXGroup section */

/* Begin PBXNativeTarget section */
		E630248A2BC3470A0016639F /* MyWeather */ = {
			isa = PBXNativeTarget;
			buildConfigurationList = E630249F2BC3470B0016639F /* Build configuration list for PBXNativeTarget "MyWeather" */;
			buildPhases = (
				E63024872BC3470A0016639F /* Sources */,
				E63024882BC3470A0016639F /* Frameworks */,
				E63024892BC3470A0016639F /* Resources */,
			);
			buildRules = (
			);
			dependencies = (
			);
			name = MyWeather;
			packageProductDependencies = (
				E63024B92BC3F4CD0016639F /* Alamofire */,
				E63024BB2BC3F4CD0016639F /* AlamofireDynamic */,
			);
			productName = MyWeather;
			productReference = E630248B2BC3470A0016639F /* MyWeather.app */;
			productType = "com.apple.product-type.application";
		};
/* End PBXNativeTarget section */

/* Begin PBXProject section */
		E63024832BC3470A0016639F /* Project object */ = {
			isa = PBXProject;
			attributes = {
				BuildIndependentTargetsInParallel = 1;
				LastSwiftUpdateCheck = 1530;
				LastUpgradeCheck = 1530;
				TargetAttributes = {
					E630248A2BC3470A0016639F = {
						CreatedOnToolsVersion = 15.3;
					};
				};
			};
			buildConfigurationList = E63024862BC3470A0016639F /* Build configuration list for PBXProject "MyWeather" */;
			compatibilityVersion = "Xcode 14.0";
			developmentRegion = en;
			hasScannedForEncodings = 0;
			knownRegions = (
				en,
				Base,
			);
			mainGroup = E63024822BC3470A0016639F;
			packageReferences = (
				E63024B82BC3F4CD0016639F /* XCRemoteSwiftPackageReference "Alamofire" */,
			);
			productRefGroup = E630248C2BC3470A0016639F /* Products */;
			projectDirPath = "";
			projectRoot = "";
			targets = (
				E630248A2BC3470A0016639F /* MyWeather */,
			);
		};
/* End PBXProject section */

/* Begin PBXResourcesBuildPhase section */
		E63024892BC3470A0016639F /* Resources */ = {
			isa = PBXResourcesBuildPhase;
			buildActionMask = 2147483647;
			files = (
				E63024982BC3470B0016639F /* Assets.xcassets in Resources */,
				E630249B2BC3470B0016639F /* Base in Resources */,
				E63024962BC3470A0016639F /* Base in Resources */,
			);
			runOnlyForDeploymentPostprocessing = 0;
		};
/* End PBXResourcesBuildPhase section */

/* Begin PBXSourcesBuildPhase section */
		E63024872BC3470A0016639F /* Sources */ = {
			isa = PBXSourcesBuildPhase;
			buildActionMask = 2147483647;
			files = (
				E63024BE2BC5C8C90016639F /* MoreCityCollectionViewController.swift in Sources */,
				E63024B12BC3E29D0016639F /* Extensions.swift in Sources */,
				E630248F2BC3470A0016639F /* AppDelegate.swift in Sources */,
				E63024B52BC3EFB70016639F /* CityCell.swift in Sources */,
				E63024B72BC3F3D30016639F /* NetworkManager.swift in Sources */,
				E63024C02BC5C94E0016639F /* MoreCityCell.swift in Sources */,
				E63024AF2BC3DFD70016639F /* CityCollectionViewController.swift in Sources */,
				E63024A82BC352640016639F /* City.swift in Sources */,
				E63024912BC3470A0016639F /* SceneDelegate.swift in Sources */,
			);
			runOnlyForDeploymentPostprocessing = 0;
		};
/* End PBXSourcesBuildPhase section */

/* Begin PBXVariantGroup section */
		E63024942BC3470A0016639F /* Main.storyboard */ = {
			isa = PBXVariantGroup;
			children = (
				E63024952BC3470A0016639F /* Base */,
			);
			name = Main.storyboard;
			sourceTree = "<group>";
		};
		E63024992BC3470B0016639F /* LaunchScreen.storyboard */ = {
			isa = PBXVariantGroup;
			children = (
				E630249A2BC3470B0016639F /* Base */,
			);
			name = LaunchScreen.storyboard;
			sourceTree = "<group>";
		};
/* End PBXVariantGroup section */

/* Begin XCBuildConfiguration section */
		E630249D2BC3470B0016639F /* Debug */ = {
			isa = XCBuildConfiguration;
			buildSettings = {
				ALWAYS_SEARCH_USER_PATHS = NO;
				ASSETCATALOG_COMPILER_GENERATE_SWIFT_ASSET_SYMBOL_EXTENSIONS = YES;
				CLANG_ANALYZER_NONNULL = YES;
				CLANG_ANALYZER_NUMBER_OBJECT_CONVERSION = YES_AGGRESSIVE;
				CLANG_CXX_LANGUAGE_STANDARD = "gnu++20";
				CLANG_ENABLE_MODULES = YES;
				CLANG_ENABLE_OBJC_ARC = YES;
				CLANG_ENABLE_OBJC_WEAK = YES;
				CLANG_WARN_BLOCK_CAPTURE_AUTORELEASING = YES;
				CLANG_WARN_BOOL_CONVERSION = YES;
				CLANG_WARN_COMMA = YES;
				CLANG_WARN_CONSTANT_CONVERSION = YES;
				CLANG_WARN_DEPRECATED_OBJC_IMPLEMENTATIONS = YES;
				CLANG_WARN_DIRECT_OBJC_ISA_USAGE = YES_ERROR;
				CLANG_WARN_DOCUMENTATION_COMMENTS = YES;
				CLANG_WARN_EMPTY_BODY = YES;
				CLANG_WARN_ENUM_CONVERSION = YES;
				CLANG_WARN_INFINITE_RECURSION = YES;
				CLANG_WARN_INT_CONVERSION = YES;
				CLANG_WARN_NON_LITERAL_NULL_CONVERSION = YES;
				CLANG_WARN_OBJC_IMPLICIT_RETAIN_SELF = YES;
				CLANG_WARN_OBJC_LITERAL_CONVERSION = YES;
				CLANG_WARN_OBJC_ROOT_CLASS = YES_ERROR;
				CLANG_WARN_QUOTED_INCLUDE_IN_FRAMEWORK_HEADER = YES;
				CLANG_WARN_RANGE_LOOP_ANALYSIS = YES;
				CLANG_WARN_STRICT_PROTOTYPES = YES;
				CLANG_WARN_SUSPICIOUS_MOVE = YES;
				CLANG_WARN_UNGUARDED_AVAILABILITY = YES_AGGRESSIVE;
				CLANG_WARN_UNREACHABLE_CODE = YES;
				CLANG_WARN__DUPLICATE_METHOD_MATCH = YES;
				COPY_PHASE_STRIP = NO;
				DEBUG_INFORMATION_FORMAT = dwarf;
				ENABLE_STRICT_OBJC_MSGSEND = YES;
				ENABLE_TESTABILITY = YES;
				ENABLE_USER_SCRIPT_SANDBOXING = YES;
				GCC_C_LANGUAGE_STANDARD = gnu17;
				GCC_DYNAMIC_NO_PIC = NO;
				GCC_NO_COMMON_BLOCKS = YES;
				GCC_OPTIMIZATION_LEVEL = 0;
				GCC_PREPROCESSOR_DEFINITIONS = (
					"DEBUG=1",
					"$(inherited)",
				);
				GCC_WARN_64_TO_32_BIT_CONVERSION = YES;
				GCC_WARN_ABOUT_RETURN_TYPE = YES_ERROR;
				GCC_WARN_UNDECLARED_SELECTOR = YES;
				GCC_WARN_UNINITIALIZED_AUTOS = YES_AGGRESSIVE;
				GCC_WARN_UNUSED_FUNCTION = YES;
				GCC_WARN_UNUSED_VARIABLE = YES;
				IPHONEOS_DEPLOYMENT_TARGET = 17.4;
				LOCALIZATION_PREFERS_STRING_CATALOGS = YES;
				MTL_ENABLE_DEBUG_INFO = INCLUDE_SOURCE;
				MTL_FAST_MATH = YES;
				ONLY_ACTIVE_ARCH = YES;
				SDKROOT = iphoneos;
				SWIFT_ACTIVE_COMPILATION_CONDITIONS = "DEBUG $(inherited)";
				SWIFT_OPTIMIZATION_LEVEL = "-Onone";
			};
			name = Debug;
		};
		E630249E2BC3470B0016639F /* Release */ = {
			isa = XCBuildConfiguration;
			buildSettings = {
				ALWAYS_SEARCH_USER_PATHS = NO;
				ASSETCATALOG_COMPILER_GENERATE_SWIFT_ASSET_SYMBOL_EXTENSIONS = YES;
				CLANG_ANALYZER_NONNULL = YES;
				CLANG_ANALYZER_NUMBER_OBJECT_CONVERSION = YES_AGGRESSIVE;
				CLANG_CXX_LANGUAGE_STANDARD = "gnu++20";
				CLANG_ENABLE_MODULES = YES;
				CLANG_ENABLE_OBJC_ARC = YES;
				CLANG_ENABLE_OBJC_WEAK = YES;
				CLANG_WARN_BLOCK_CAPTURE_AUTORELEASING = YES;
				CLANG_WARN_BOOL_CONVERSION = YES;
				CLANG_WARN_COMMA = YES;
				CLANG_WARN_CONSTANT_CONVERSION = YES;
				CLANG_WARN_DEPRECATED_OBJC_IMPLEMENTATIONS = YES;
				CLANG_WARN_DIRECT_OBJC_ISA_USAGE = YES_ERROR;
				CLANG_WARN_DOCUMENTATION_COMMENTS = YES;
				CLANG_WARN_EMPTY_BODY = YES;
				CLANG_WARN_ENUM_CONVERSION = YES;
				CLANG_WARN_INFINITE_RECURSION = YES;
				CLANG_WARN_INT_CONVERSION = YES;
				CLANG_WARN_NON_LITERAL_NULL_CONVERSION = YES;
				CLANG_WARN_OBJC_IMPLICIT_RETAIN_SELF = YES;
				CLANG_WARN_OBJC_LITERAL_CONVERSION = YES;
				CLANG_WARN_OBJC_ROOT_CLASS = YES_ERROR;
				CLANG_WARN_QUOTED_INCLUDE_IN_FRAMEWORK_HEADER = YES;
				CLANG_WARN_RANGE_LOOP_ANALYSIS = YES;
				CLANG_WARN_STRICT_PROTOTYPES = YES;
				CLANG_WARN_SUSPICIOUS_MOVE = YES;
				CLANG_WARN_UNGUARDED_AVAILABILITY = YES_AGGRESSIVE;
				CLANG_WARN_UNREACHABLE_CODE = YES;
				CLANG_WARN__DUPLICATE_METHOD_MATCH = YES;
				COPY_PHASE_STRIP = NO;
				DEBUG_INFORMATION_FORMAT = "dwarf-with-dsym";
				ENABLE_NS_ASSERTIONS = NO;
				ENABLE_STRICT_OBJC_MSGSEND = YES;
				ENABLE_USER_SCRIPT_SANDBOXING = YES;
				GCC_C_LANGUAGE_STANDARD = gnu17;
				GCC_NO_COMMON_BLOCKS = YES;
				GCC_WARN_64_TO_32_BIT_CONVERSION = YES;
				GCC_WARN_ABOUT_RETURN_TYPE = YES_ERROR;
				GCC_WARN_UNDECLARED_SELECTOR = YES;
				GCC_WARN_UNINITIALIZED_AUTOS = YES_AGGRESSIVE;
				GCC_WARN_UNUSED_FUNCTION = YES;
				GCC_WARN_UNUSED_VARIABLE = YES;
				IPHONEOS_DEPLOYMENT_TARGET = 17.4;
				LOCALIZATION_PREFERS_STRING_CATALOGS = YES;
				MTL_ENABLE_DEBUG_INFO = NO;
				MTL_FAST_MATH = YES;
				SDKROOT = iphoneos;
				SWIFT_COMPILATION_MODE = wholemodule;
				VALIDATE_PRODUCT = YES;
			};
			name = Release;
		};
		E63024A02BC3470B0016639F /* Debug */ = {
			isa = XCBuildConfiguration;
			buildSettings = {
				ASSETCATALOG_COMPILER_APPICON_NAME = AppIcon;
				ASSETCATALOG_COMPILER_GLOBAL_ACCENT_COLOR_NAME = AccentColor;
				CODE_SIGN_STYLE = Automatic;
				CURRENT_PROJECT_VERSION = 1;
				DEVELOPMENT_TEAM = A2JB7XLY38;
				GENERATE_INFOPLIST_FILE = YES;
				INFOPLIST_FILE = MyWeather/App/Info.plist;
				INFOPLIST_KEY_UIApplicationSupportsIndirectInputEvents = YES;
				INFOPLIST_KEY_UILaunchStoryboardName = LaunchScreen;
				INFOPLIST_KEY_UIMainStoryboardFile = Main;
				INFOPLIST_KEY_UISupportedInterfaceOrientations = UIInterfaceOrientationPortrait;
				INFOPLIST_KEY_UISupportedInterfaceOrientations_iPad = "UIInterfaceOrientationLandscapeLeft UIInterfaceOrientationLandscapeRight UIInterfaceOrientationPortrait UIInterfaceOrientationPortraitUpsideDown";
				LD_RUNPATH_SEARCH_PATHS = (
					"$(inherited)",
					"@executable_path/Frameworks",
				);
				MARKETING_VERSION = 1.0;
				PRODUCT_BUNDLE_IDENTIFIER = iosApp.MyWeather;
				PRODUCT_NAME = "$(TARGET_NAME)";
				SUPPORTED_PLATFORMS = "iphoneos iphonesimulator";
				SUPPORTS_MACCATALYST = NO;
				SUPPORTS_MAC_DESIGNED_FOR_IPHONE_IPAD = NO;
				SUPPORTS_XR_DESIGNED_FOR_IPHONE_IPAD = NO;
				SWIFT_EMIT_LOC_STRINGS = YES;
				SWIFT_VERSION = 5.0;
				TARGETED_DEVICE_FAMILY = 1;
			};
			name = Debug;
		};
		E63024A12BC3470B0016639F /* Release */ = {
			isa = XCBuildConfiguration;
			buildSettings = {
				ASSETCATALOG_COMPILER_APPICON_NAME = AppIcon;
				ASSETCATALOG_COMPILER_GLOBAL_ACCENT_COLOR_NAME = AccentColor;
				CODE_SIGN_STYLE = Automatic;
				CURRENT_PROJECT_VERSION = 1;
				DEVELOPMENT_TEAM = A2JB7XLY38;
				GENERATE_INFOPLIST_FILE = YES;
				INFOPLIST_FILE = MyWeather/App/Info.plist;
				INFOPLIST_KEY_UIApplicationSupportsIndirectInputEvents = YES;
				INFOPLIST_KEY_UILaunchStoryboardName = LaunchScreen;
				INFOPLIST_KEY_UIMainStoryboardFile = Main;
				INFOPLIST_KEY_UISupportedInterfaceOrientations = UIInterfaceOrientationPortrait;
				INFOPLIST_KEY_UISupportedInterfaceOrientations_iPad = "UIInterfaceOrientationLandscapeLeft UIInterfaceOrientationLandscapeRight UIInterfaceOrientationPortrait UIInterfaceOrientationPortraitUpsideDown";
				LD_RUNPATH_SEARCH_PATHS = (
					"$(inherited)",
					"@executable_path/Frameworks",
				);
				MARKETING_VERSION = 1.0;
				PRODUCT_BUNDLE_IDENTIFIER = iosApp.MyWeather;
				PRODUCT_NAME = "$(TARGET_NAME)";
				SUPPORTED_PLATFORMS = "iphoneos iphonesimulator";
				SUPPORTS_MACCATALYST = NO;
				SUPPORTS_MAC_DESIGNED_FOR_IPHONE_IPAD = NO;
				SUPPORTS_XR_DESIGNED_FOR_IPHONE_IPAD = NO;
				SWIFT_EMIT_LOC_STRINGS = YES;
				SWIFT_VERSION = 5.0;
				TARGETED_DEVICE_FAMILY = 1;
			};
			name = Release;
		};
/* End XCBuildConfiguration section */

/* Begin XCConfigurationList section */
		E63024862BC3470A0016639F /* Build configuration list for PBXProject "MyWeather" */ = {
			isa = XCConfigurationList;
			buildConfigurations = (
				E630249D2BC3470B0016639F /* Debug */,
				E630249E2BC3470B0016639F /* Release */,
			);
			defaultConfigurationIsVisible = 0;
			defaultConfigurationName = Release;
		};
		E630249F2BC3470B0016639F /* Build configuration list for PBXNativeTarget "MyWeather" */ = {
			isa = XCConfigurationList;
			buildConfigurations = (
				E63024A02BC3470B0016639F /* Debug */,
				E63024A12BC3470B0016639F /* Release */,
			);
			defaultConfigurationIsVisible = 0;
			defaultConfigurationName = Release;
		};
/* End XCConfigurationList section */

/* Begin XCRemoteSwiftPackageReference section */
		E63024B82BC3F4CD0016639F /* XCRemoteSwiftPackageReference "Alamofire" */ = {
			isa = XCRemoteSwiftPackageReference;
			repositoryURL = "https://github.com/Alamofire/Alamofire.git";
			requirement = {
				kind = upToNextMajorVersion;
				minimumVersion = 5.9.1;
			};
		};
/* End XCRemoteSwiftPackageReference section */

/* Begin XCSwiftPackageProductDependency section */
		E63024B92BC3F4CD0016639F /* Alamofire */ = {
			isa = XCSwiftPackageProductDependency;
			package = E63024B82BC3F4CD0016639F /* XCRemoteSwiftPackageReference "Alamofire" */;
			productName = Alamofire;
		};
		E63024BB2BC3F4CD0016639F /* AlamofireDynamic */ = {
			isa = XCSwiftPackageProductDependency;
			package = E63024B82BC3F4CD0016639F /* XCRemoteSwiftPackageReference "Alamofire" */;
			productName = AlamofireDynamic;
		};
/* End XCSwiftPackageProductDependency section */
	};
	rootObject = E63024832BC3470A0016639F /* Project object */;
}
